
Microsoft Visual Studio Solution File, Format Version 12.00
# Visual Studio 14
VisualStudioVersion = 14.0.24720.0
MinimumVisualStudioVersion = 10.0.40219.1
Project("{FAE04EC0-301F-11D3-BF4B-00C04F79EFBC}") = "Catalog", "Catalog\Catalog.csproj", "{CE2A0EE8-969C-406A-97E8-69FCC2D05188}"
EndProject
Global
	GlobalSection(SolutionConfigurationPlatforms) = preSolution
		Debug|Any CPU = Debug|Any CPU
		Release|Any CPU = Release|Any CPU
	EndGlobalSection
	GlobalSection(ProjectConfigurationPlatforms) = postSolution
		{CE2A0EE8-969C-406A-97E8-69FCC2D05188}.Debug|Any CPU.ActiveCfg = Debug|Any CPU
		{CE2A0EE8-969C-406A-97E8-69FCC2D05188}.Debug|Any CPU.Build.0 = Debug|Any CPU
		{CE2A0EE8-969C-406A-97E8-69FCC2D05188}.Release|Any CPU.ActiveCfg = Release|Any CPU
		{CE2A0EE8-969C-406A-97E8-69FCC2D05188}.Release|Any CPU.Build.0 = Release|Any CPU
	EndGlobalSection
	GlobalSection(SolutionProperties) = preSolution
		HideSolutionNode = FALSE
	EndGlobalSection
EndGlobal
